
Microsoft Visual Studio Solution File, Format Version 12.00
# Visual Studio Version 16
VisualStudioVersion = 16.0.29318.209
MinimumVisualStudioVersion = 10.0.40219.1
Project("{FAE04EC0-301F-11D3-BF4B-00C04F79EFBC}") = "Exercicio_Fixação_Conjunto", "Exercicio_Fixação_Conjunto\Exercicio_Fixação_Conjunto.csproj", "{5CFC273C-2FDD-4BEA-A0D2-25E59872D8DB}"
EndProject
Global
	GlobalSection(SolutionConfigurationPlatforms) = preSolution
		Debug|Any CPU = Debug|Any CPU
		Release|Any CPU = Release|Any CPU
	EndGlobalSection
	GlobalSection(ProjectConfigurationPlatforms) = postSolution
		{5CFC273C-2FDD-4BEA-A0D2-25E59872D8DB}.Debug|Any CPU.ActiveCfg = Debug|Any CPU
		{5CFC273C-2FDD-4BEA-A0D2-25E59872D8DB}.Debug|Any CPU.Build.0 = Debug|Any CPU
		{5CFC273C-2FDD-4BEA-A0D2-25E59872D8DB}.Release|Any CPU.ActiveCfg = Release|Any CPU
		{5CFC273C-2FDD-4BEA-A0D2-25E59872D8DB}.Release|Any CPU.Build.0 = Release|Any CPU
	EndGlobalSection
	GlobalSection(SolutionProperties) = preSolution
		HideSolutionNode = FALSE
	EndGlobalSection
	GlobalSection(ExtensibilityGlobals) = postSolution
		SolutionGuid = {2FC94FEF-06EF-4419-92A8-7F93BBC342C0}
	EndGlobalSection
EndGlobal
